
Microsoft Visual Studio Solution File, Format Version 12.00
# Visual Studio Version 16
VisualStudioVersion = 16.0.30002.166
MinimumVisualStudioVersion = 10.0.40219.1
Project("{FAE04EC0-301F-11D3-BF4B-00C04F79EFBC}") = "WarspiteGame.AuthoringTools", "WarspiteGame.AuthoringTools\WarspiteGame.AuthoringTools.csproj", "{D705F7AC-62B6-4634-A553-5395C9FA46DD}"
EndProject
Project("{FAE04EC0-301F-11D3-BF4B-00C04F79EFBC}") = "WarspiteGame.AuthoringTools.Debugger", "WarspiteGame.AuthoringTools.Debugger\WarspiteGame.AuthoringTools.Debugger.csproj", "{4156B88E-AB5C-4E09-BF38-A56B3B7C0395}"
EndProject
Global
	GlobalSection(SolutionConfigurationPlatforms) = preSolution
		Debug|Any CPU = Debug|Any CPU
		Release|Any CPU = Release|Any CPU
	EndGlobalSection
	GlobalSection(ProjectConfigurationPlatforms) = postSolution
		{D705F7AC-62B6-4634-A553-5395C9FA46DD}.Debug|Any CPU.ActiveCfg = Debug|Any CPU
		{D705F7AC-62B6-4634-A553-5395C9FA46DD}.Debug|Any CPU.Build.0 = Debug|Any CPU
		{D705F7AC-62B6-4634-A553-5395C9FA46DD}.Release|Any CPU.ActiveCfg = Release|Any CPU
		{D705F7AC-62B6-4634-A553-5395C9FA46DD}.Release|Any CPU.Build.0 = Release|Any CPU
		{4156B88E-AB5C-4E09-BF38-A56B3B7C0395}.Debug|Any CPU.ActiveCfg = Debug|Any CPU
		{4156B88E-AB5C-4E09-BF38-A56B3B7C0395}.Debug|Any CPU.Build.0 = Debug|Any CPU
		{4156B88E-AB5C-4E09-BF38-A56B3B7C0395}.Release|Any CPU.ActiveCfg = Release|Any CPU
		{4156B88E-AB5C-4E09-BF38-A56B3B7C0395}.Release|Any CPU.Build.0 = Release|Any CPU
	EndGlobalSection
	GlobalSection(SolutionProperties) = preSolution
		HideSolutionNode = FALSE
	EndGlobalSection
	GlobalSection(ExtensibilityGlobals) = postSolution
		SolutionGuid = {14AE532C-ABB7-4FBC-9C08-DEF0725CCE25}
	EndGlobalSection
EndGlobal
